
Microsoft Visual Studio Solution File, Format Version 12.00
# Visual Studio Version 17
VisualStudioVersion = 17.0.31903.59
MinimumVisualStudioVersion = 10.0.40219.1
Project("{FAE04EC0-301F-11D3-BF4B-00C04F79EFBC}") = "StudentAPI", "StudentAPI\StudentAPI.csproj", "{84D3D0B2-D238-4D33-88A6-22CB7C5D50E4}"
EndProject
Project("{FAE04EC0-301F-11D3-BF4B-00C04F79EFBC}") = "CoursesAPI", "CoursesAPI\CoursesAPI.csproj", "{73B3538D-F7A0-4E82-92A0-B21D6DDDDE9A}"
EndProject
Project("{FAE04EC0-301F-11D3-BF4B-00C04F79EFBC}") = "EnrollmentAPI", "EnrollmentAPI\EnrollmentAPI.csproj", "{D1F1E62B-54FB-4A9C-AE7E-8E47BE188BC1}"
EndProject
Project("{FAE04EC0-301F-11D3-BF4B-00C04F79EFBC}") = "ReportingAPI", "ReportingAPI\ReportingAPI.csproj", "{4C0AAC87-5849-4702-90B5-5F5898DC7845}"
EndProject
Project("{FAE04EC0-301F-11D3-BF4B-00C04F79EFBC}") = "Shared", "Shared\Shared.csproj", "{D9EA57F7-5F99-4A24-872A-D7A7AF9E5D1E}"
EndProject
Global
	GlobalSection(SolutionConfigurationPlatforms) = preSolution
		Debug|Any CPU = Debug|Any CPU
		Release|Any CPU = Release|Any CPU
	EndGlobalSection
	GlobalSection(SolutionProperties) = preSolution
		HideSolutionNode = FALSE
	EndGlobalSection
	GlobalSection(ProjectConfigurationPlatforms) = postSolution
		{84D3D0B2-D238-4D33-88A6-22CB7C5D50E4}.Debug|Any CPU.ActiveCfg = Debug|Any CPU
		{84D3D0B2-D238-4D33-88A6-22CB7C5D50E4}.Debug|Any CPU.Build.0 = Debug|Any CPU
		{84D3D0B2-D238-4D33-88A6-22CB7C5D50E4}.Release|Any CPU.ActiveCfg = Release|Any CPU
		{84D3D0B2-D238-4D33-88A6-22CB7C5D50E4}.Release|Any CPU.Build.0 = Release|Any CPU
		{73B3538D-F7A0-4E82-92A0-B21D6DDDDE9A}.Debug|Any CPU.ActiveCfg = Debug|Any CPU
		{73B3538D-F7A0-4E82-92A0-B21D6DDDDE9A}.Debug|Any CPU.Build.0 = Debug|Any CPU
		{73B3538D-F7A0-4E82-92A0-B21D6DDDDE9A}.Release|Any CPU.ActiveCfg = Release|Any CPU
		{73B3538D-F7A0-4E82-92A0-B21D6DDDDE9A}.Release|Any CPU.Build.0 = Release|Any CPU
		{D1F1E62B-54FB-4A9C-AE7E-8E47BE188BC1}.Debug|Any CPU.ActiveCfg = Debug|Any CPU
		{D1F1E62B-54FB-4A9C-AE7E-8E47BE188BC1}.Debug|Any CPU.Build.0 = Debug|Any CPU
		{D1F1E62B-54FB-4A9C-AE7E-8E47BE188BC1}.Release|Any CPU.ActiveCfg = Release|Any CPU
		{D1F1E62B-54FB-4A9C-AE7E-8E47BE188BC1}.Release|Any CPU.Build.0 = Release|Any CPU
		{4C0AAC87-5849-4702-90B5-5F5898DC7845}.Debug|Any CPU.ActiveCfg = Debug|Any CPU
		{4C0AAC87-5849-4702-90B5-5F5898DC7845}.Debug|Any CPU.Build.0 = Debug|Any CPU
		{4C0AAC87-5849-4702-90B5-5F5898DC7845}.Release|Any CPU.ActiveCfg = Release|Any CPU
		{4C0AAC87-5849-4702-90B5-5F5898DC7845}.Release|Any CPU.Build.0 = Release|Any CPU
		{D9EA57F7-5F99-4A24-872A-D7A7AF9E5D1E}.Debug|Any CPU.ActiveCfg = Debug|Any CPU
		{D9EA57F7-5F99-4A24-872A-D7A7AF9E5D1E}.Debug|Any CPU.Build.0 = Debug|Any CPU
		{D9EA57F7-5F99-4A24-872A-D7A7AF9E5D1E}.Release|Any CPU.ActiveCfg = Release|Any CPU
		{D9EA57F7-5F99-4A24-872A-D7A7AF9E5D1E}.Release|Any CPU.Build.0 = Release|Any CPU
	EndGlobalSection
EndGlobal
